
Microsoft Visual Studio Solution File, Format Version 12.00
# Visual Studio Version 16
VisualStudioVersion = 16.0.29806.167
MinimumVisualStudioVersion = 10.0.40219.1
Project("{FAE04EC0-301F-11D3-BF4B-00C04F79EFBC}") = "AswanianTreat", "AswanianTreat.csproj", "{580B930D-FFD9-47F6-ACD5-F9CAA55082F8}"
EndProject
Global
	GlobalSection(SolutionConfigurationPlatforms) = preSolution
		Debug|Any CPU = Debug|Any CPU
		Release|Any CPU = Release|Any CPU
	EndGlobalSection
	GlobalSection(ProjectConfigurationPlatforms) = postSolution
		{580B930D-FFD9-47F6-ACD5-F9CAA55082F8}.Debug|Any CPU.ActiveCfg = Debug|Any CPU
		{580B930D-FFD9-47F6-ACD5-F9CAA55082F8}.Debug|Any CPU.Build.0 = Debug|Any CPU
		{580B930D-FFD9-47F6-ACD5-F9CAA55082F8}.Release|Any CPU.ActiveCfg = Release|Any CPU
		{580B930D-FFD9-47F6-ACD5-F9CAA55082F8}.Release|Any CPU.Build.0 = Release|Any CPU
	EndGlobalSection
	GlobalSection(SolutionProperties) = preSolution
		HideSolutionNode = FALSE
	EndGlobalSection
	GlobalSection(ExtensibilityGlobals) = postSolution
		SolutionGuid = {0278EE1E-B0D7-49FA-97DF-92BA37A106BF}
	EndGlobalSection
EndGlobal
